
Microsoft Visual Studio Solution File, Format Version 12.00
# Visual Studio Version 16
VisualStudioVersion = 16.0.30114.105
MinimumVisualStudioVersion = 10.0.40219.1
Project("{FAE04EC0-301F-11D3-BF4B-00C04F79EFBC}") = "SQLClient-Issue85", "SQLClient-Issue85\SQLClient-Issue85.csproj", "{EC9CEFAD-9908-4AE6-A3D9-595C5F7D4974}"
EndProject
Project("{FAE04EC0-301F-11D3-BF4B-00C04F79EFBC}") = "Tests", "Tests\Tests.csproj", "{4033C8A8-032C-418C-8BA6-381AAA7F2EBC}"
EndProject
Global
	GlobalSection(SolutionConfigurationPlatforms) = preSolution
		Debug|Any CPU = Debug|Any CPU
		Release|Any CPU = Release|Any CPU
	EndGlobalSection
	GlobalSection(ProjectConfigurationPlatforms) = postSolution
		{EC9CEFAD-9908-4AE6-A3D9-595C5F7D4974}.Debug|Any CPU.ActiveCfg = Debug|Any CPU
		{EC9CEFAD-9908-4AE6-A3D9-595C5F7D4974}.Debug|Any CPU.Build.0 = Debug|Any CPU
		{EC9CEFAD-9908-4AE6-A3D9-595C5F7D4974}.Release|Any CPU.ActiveCfg = Release|Any CPU
		{EC9CEFAD-9908-4AE6-A3D9-595C5F7D4974}.Release|Any CPU.Build.0 = Release|Any CPU
		{4033C8A8-032C-418C-8BA6-381AAA7F2EBC}.Debug|Any CPU.ActiveCfg = Debug|Any CPU
		{4033C8A8-032C-418C-8BA6-381AAA7F2EBC}.Debug|Any CPU.Build.0 = Debug|Any CPU
		{4033C8A8-032C-418C-8BA6-381AAA7F2EBC}.Release|Any CPU.ActiveCfg = Release|Any CPU
		{4033C8A8-032C-418C-8BA6-381AAA7F2EBC}.Release|Any CPU.Build.0 = Release|Any CPU
	EndGlobalSection
	GlobalSection(SolutionProperties) = preSolution
		HideSolutionNode = FALSE
	EndGlobalSection
	GlobalSection(ExtensibilityGlobals) = postSolution
		SolutionGuid = {D23D0CF1-37D2-4E59-9E90-DAE565743EDF}
	EndGlobalSection
EndGlobal
